
Microsoft Visual Studio Solution File, Format Version 12.00
# Visual Studio Version 17
VisualStudioVersion = 17.9.34622.214
MinimumVisualStudioVersion = 10.0.40219.1
Project("{FAE04EC0-301F-11D3-BF4B-00C04F79EFBC}") = "FileProgram", "FileProgram.csproj", "{A67BCA97-BA43-491C-9944-CB0BC0311A7B}"
EndProject
Global
	GlobalSection(SolutionConfigurationPlatforms) = preSolution
		Debug|Any CPU = Debug|Any CPU
		Release|Any CPU = Release|Any CPU
	EndGlobalSection
	GlobalSection(ProjectConfigurationPlatforms) = postSolution
		{A67BCA97-BA43-491C-9944-CB0BC0311A7B}.Debug|Any CPU.ActiveCfg = Debug|Any CPU
		{A67BCA97-BA43-491C-9944-CB0BC0311A7B}.Debug|Any CPU.Build.0 = Debug|Any CPU
		{A67BCA97-BA43-491C-9944-CB0BC0311A7B}.Release|Any CPU.ActiveCfg = Release|Any CPU
		{A67BCA97-BA43-491C-9944-CB0BC0311A7B}.Release|Any CPU.Build.0 = Release|Any CPU
	EndGlobalSection
	GlobalSection(SolutionProperties) = preSolution
		HideSolutionNode = FALSE
	EndGlobalSection
	GlobalSection(ExtensibilityGlobals) = postSolution
		SolutionGuid = {CD457C18-E8DD-404E-9259-7EF429401DCA}
	EndGlobalSection
EndGlobal
